
Microsoft Visual Studio Solution File, Format Version 12.00
# Visual Studio Version 17
VisualStudioVersion = 17.7.34031.279
MinimumVisualStudioVersion = 10.0.40219.1
Project("{9A19103F-16F7-4668-BE54-9A1E7A4F7556}") = "WpfApp1", "WpfApp1\WpfApp1.csproj", "{8B100463-AEC2-4FDE-B3D7-6A2E4595E740}"
EndProject
Project("{9A19103F-16F7-4668-BE54-9A1E7A4F7556}") = "classLibraryForSums", "..\classLibraryForSums\classLibraryForSums\classLibraryForSums.csproj", "{5FD76854-765A-47D0-8F3D-3CFCE8959708}"
EndProject
Global
	GlobalSection(SolutionConfigurationPlatforms) = preSolution
		Debug|Any CPU = Debug|Any CPU
		Release|Any CPU = Release|Any CPU
	EndGlobalSection
	GlobalSection(ProjectConfigurationPlatforms) = postSolution
		{8B100463-AEC2-4FDE-B3D7-6A2E4595E740}.Debug|Any CPU.ActiveCfg = Debug|Any CPU
		{8B100463-AEC2-4FDE-B3D7-6A2E4595E740}.Debug|Any CPU.Build.0 = Debug|Any CPU
		{8B100463-AEC2-4FDE-B3D7-6A2E4595E740}.Release|Any CPU.ActiveCfg = Release|Any CPU
		{8B100463-AEC2-4FDE-B3D7-6A2E4595E740}.Release|Any CPU.Build.0 = Release|Any CPU
		{5FD76854-765A-47D0-8F3D-3CFCE8959708}.Debug|Any CPU.ActiveCfg = Debug|Any CPU
		{5FD76854-765A-47D0-8F3D-3CFCE8959708}.Debug|Any CPU.Build.0 = Debug|Any CPU
		{5FD76854-765A-47D0-8F3D-3CFCE8959708}.Release|Any CPU.ActiveCfg = Release|Any CPU
		{5FD76854-765A-47D0-8F3D-3CFCE8959708}.Release|Any CPU.Build.0 = Release|Any CPU
	EndGlobalSection
	GlobalSection(SolutionProperties) = preSolution
		HideSolutionNode = FALSE
	EndGlobalSection
	GlobalSection(ExtensibilityGlobals) = postSolution
		SolutionGuid = {0EF481F2-AE8D-4C2E-9CED-37DD91781AE5}
	EndGlobalSection
EndGlobal
